Microsoft Visual Studio Solution File, Format Version 12.00
# Visual Studio 2012
Project("{FAE04EC0-301F-11D3-BF4B-00C04F79EFBC}") = "WalkingApp", "WalkingApp.csproj", "{3D4AB13A-8B4F-4F19-B304-F4123215725C}"
EndProject
Global
	GlobalSection(SolutionConfigurationPlatforms) = preSolution
	Debug|Any CPU = Debug|Any CPU
	ExportDebug|Any CPU = ExportDebug|Any CPU
	ExportRelease|Any CPU = ExportRelease|Any CPU
	EndGlobalSection
	GlobalSection(ProjectConfigurationPlatforms) = postSolution
		{3D4AB13A-8B4F-4F19-B304-F4123215725C}.Debug|Any CPU.ActiveCfg = Debug|Any CPU
		{3D4AB13A-8B4F-4F19-B304-F4123215725C}.Debug|Any CPU.Build.0 = Debug|Any CPU
		{3D4AB13A-8B4F-4F19-B304-F4123215725C}.ExportDebug|Any CPU.ActiveCfg = ExportDebug|Any CPU
		{3D4AB13A-8B4F-4F19-B304-F4123215725C}.ExportDebug|Any CPU.Build.0 = ExportDebug|Any CPU
		{3D4AB13A-8B4F-4F19-B304-F4123215725C}.ExportRelease|Any CPU.ActiveCfg = ExportRelease|Any CPU
		{3D4AB13A-8B4F-4F19-B304-F4123215725C}.ExportRelease|Any CPU.Build.0 = ExportRelease|Any CPU
	EndGlobalSection
EndGlobal
